// !$*UTF8*$!
{
	archiveVersion = 1;
	classes = {
	};
	objectVersion = 46;
	objects = {

/* Begin PBXBuildFile section */
		7B15D50D1E6ECB0C008A59F7 /* AppDelegate.m in Sources */ = {isa = PBXBuildFile; fileRef = 7B15D50C1E6ECB0C008A59F7 /* AppDelegate.m */; };
		7B15D5101E6ECB0C008A59F7 /* main.m in Sources */ = {isa = PBXBuildFile; fileRef = 7B15D50F1E6ECB0C008A59F7 /* main.m */; };
		7B15D5121E6ECB0C008A59F7 /* Assets.xcassets in Resources */ = {isa = PBXBuildFile; fileRef = 7B15D5111E6ECB0C008A59F7 /* Assets.xcassets */; };
		7B15D5151E6ECB0C008A59F7 /* MainMenu.xib in Resources */ = {isa = PBXBuildFile; fileRef = 7B15D5131E6ECB0C008A59F7 /* MainMenu.xib */; };
		7B15D51D1E6ED35B008A59F7 /* screen.png in Resources */ = {isa = PBXBuildFile; fileRef = 7B15D51C1E6ED35B008A59F7 /* screen.png */; };
		7B15D51F1E700557008A59F7 /* NSScrollView+Extras.m in Sources */ = {isa = PBXBuildFile; fileRef = 7B15D51E1E700557008A59F7 /* NSScrollView+Extras.m */; };
/* End PBXBuildFile section */

/* Begin PBXFileReference section */
		7B15D5081E6ECB0C008A59F7 /* ScrollView.app */ = {isa = PBXFileReference; explicitFileType = wrapper.application; includeInIndex = 0; path = ScrollView.app; sourceTree = BUILT_PRODUCTS_DIR; };
		7B15D50B1E6ECB0C008A59F7 /* AppDelegate.h */ = {isa = PBXFileReference; lastKnownFileType = sourcecode.c.h; path = AppDelegate.h; sourceTree = "<group>"; };
		7B15D50C1E6ECB0C008A59F7 /* AppDelegate.m */ = {isa = PBXFileReference; lastKnownFileType = sourcecode.c.objc; path = AppDelegate.m; sourceTree = "<group>"; };
		7B15D50F1E6ECB0C008A59F7 /* main.m */ = {isa = PBXFileReference; lastKnownFileType = sourcecode.c.objc; path = main.m; sourceTree = "<group>"; };
		7B15D5111E6ECB0C008A59F7 /* Assets.xcassets */ = {isa = PBXFileReference; lastKnownFileType = folder.assetcatalog; path = Assets.xcassets; sourceTree = "<group>"; };
		7B15D5141E6ECB0C008A59F7 /* Base */ = {isa = PBXFileReference; lastKnownFileType = file.xib; name = Base; path = Base.lproj/MainMenu.xib; sourceTree = "<group>"; };
		7B15D5161E6ECB0C008A59F7 /* Info.plist */ = {isa = PBXFileReference; lastKnownFileType = text.plist.xml; path = Info.plist; sourceTree = "<group>"; };
		7B15D51C1E6ED35B008A59F7 /* screen.png */ = {isa = PBXFileReference; lastKnownFileType = image.png; path = screen.png; sourceTree = "<group>"; };
		7B15D51E1E700557008A59F7 /* NSScrollView+Extras.m */ = {isa = PBXFileReference; fileEncoding = 4; lastKnownFileType = sourcecode.c.objc; path = "NSScrollView+Extras.m"; sourceTree = "<group>"; };
		7B15D5201E700576008A59F7 /* NSScrollView+Extras.h */ = {isa = PBXFileReference; lastKnownFileType = sourcecode.c.h; path = "NSScrollView+Extras.h"; sourceTree = "<group>"; };
/* End PBXFileReference section */

/* Begin PBXFrameworksBuildPhase section */
		7B15D5051E6ECB0C008A59F7 /* Frameworks */ = {
			isa = PBXFrameworksBuildPhase;
			buildActionMask = 2147483647;
			files = (
			);
			runOnlyForDeploymentPostprocessing = 0;
		};
/* End PBXFrameworksBuildPhase section */

/* Begin PBXGroup section */
		7B15D4FF1E6ECB0C008A59F7 = {
			isa = PBXGroup;
			children = (
				7B15D50A1E6ECB0C008A59F7 /* ScrollView */,
				7B15D5091E6ECB0C008A59F7 /* Products */,
			);
			sourceTree = "<group>";
		};
		7B15D5091E6ECB0C008A59F7 /* Products */ = {
			isa = PBXGroup;
			children = (
				7B15D5081E6ECB0C008A59F7 /* ScrollView.app */,
			);
			name = Products;
			sourceTree = "<group>";
		};
		7B15D50A1E6ECB0C008A59F7 /* ScrollView */ = {
			isa = PBXGroup;
			children = (
				7B15D51C1E6ED35B008A59F7 /* screen.png */,
				7B15D50B1E6ECB0C008A59F7 /* AppDelegate.h */,
				7B15D50C1E6ECB0C008A59F7 /* AppDelegate.m */,
				7B15D5111E6ECB0C008A59F7 /* Assets.xcassets */,
				7B15D5131E6ECB0C008A59F7 /* MainMenu.xib */,
				7B15D5161E6ECB0C008A59F7 /* Info.plist */,
				7B15D50E1E6ECB0C008A59F7 /* Supporting Files */,
				7B15D51E1E700557008A59F7 /* NSScrollView+Extras.m */,
				7B15D5201E700576008A59F7 /* NSScrollView+Extras.h */,
			);
			path = ScrollView;
			sourceTree = "<group>";
		};
		7B15D50E1E6ECB0C008A59F7 /* Supporting Files */ = {
			isa = PBXGroup;
			children = (
				7B15D50F1E6ECB0C008A59F7 /* main.m */,
			);
			name = "Supporting Files";
			sourceTree = "<group>";
		};
/* End PBXGroup section */

/* Begin PBXNativeTarget section */
		7B15D5071E6ECB0C008A59F7 /* ScrollView */ = {
			isa = PBXNativeTarget;
			buildConfigurationList = 7B15D5191E6ECB0C008A59F7 /* Build configuration list for PBXNativeTarget "ScrollView" */;
			buildPhases = (
				7B15D5041E6ECB0C008A59F7 /* Sources */,
				7B15D5051E6ECB0C008A59F7 /* Frameworks */,
				7B15D5061E6ECB0C008A59F7 /* Resources */,
			);
			buildRules = (
			);
			dependencies = (
			);
			name = ScrollView;
			productName = ScrollView;
			productReference = 7B15D5081E6ECB0C008A59F7 /* ScrollView.app */;
			productType = "com.apple.product-type.application";
		};
/* End PBXNativeTarget section */

/* Begin PBXProject section */
		7B15D5001E6ECB0C008A59F7 /* Project object */ = {
			isa = PBXProject;
			attributes = {
				LastUpgradeCheck = 0810;
				ORGANIZATIONNAME = "Frederick Hsu";
				TargetAttributes = {
					7B15D5071E6ECB0C008A59F7 = {
						CreatedOnToolsVersion = 8.1;
						ProvisioningStyle = Automatic;
					};
				};
			};
			buildConfigurationList = 7B15D5031E6ECB0C008A59F7 /* Build configuration list for PBXProject "ScrollView" */;
			compatibilityVersion = "Xcode 3.2";
			developmentRegion = English;
			hasScannedForEncodings = 0;
			knownRegions = (
				en,
				Base,
			);
			mainGroup = 7B15D4FF1E6ECB0C008A59F7;
			productRefGroup = 7B15D5091E6ECB0C008A59F7 /* Products */;
			projectDirPath = "";
			projectRoot = "";
			targets = (
				7B15D5071E6ECB0C008A59F7 /* ScrollView */,
			);
		};
/* End PBXProject section */

/* Begin PBXResourcesBuildPhase section */
		7B15D5061E6ECB0C008A59F7 /* Resources */ = {
			isa = PBXResourcesBuildPhase;
			buildActionMask = 2147483647;
			files = (
				7B15D5121E6ECB0C008A59F7 /* Assets.xcassets in Resources */,
				7B15D51D1E6ED35B008A59F7 /* screen.png in Resources */,
				7B15D5151E6ECB0C008A59F7 /* MainMenu.xib in Resources */,
			);
			runOnlyForDeploymentPostprocessing = 0;
		};
/* End PBXResourcesBuildPhase section */

/* Begin PBXSourcesBuildPhase section */
		7B15D5041E6ECB0C008A59F7 /* Sources */ = {
			isa = PBXSourcesBuildPhase;
			buildActionMask = 2147483647;
			files = (
				7B15D51F1E700557008A59F7 /* NSScrollView+Extras.m in Sources */,
				7B15D5101E6ECB0C008A59F7 /* main.m in Sources */,
				7B15D50D1E6ECB0C008A59F7 /* AppDelegate.m in Sources */,
			);
			runOnlyForDeploymentPostprocessing = 0;
		};
/* End PBXSourcesBuildPhase section */

/* Begin PBXVariantGroup section */
		7B15D5131E6ECB0C008A59F7 /* MainMenu.xib */ = {
			isa = PBXVariantGroup;
			children = (
				7B15D5141E6ECB0C008A59F7 /* Base */,
			);
			name = MainMenu.xib;
			sourceTree = "<group>";
		};
/* End PBXVariantGroup section */

/* Begin XCBuildConfiguration section */
		7B15D5171E6ECB0C008A59F7 /* Debug */ = {
			isa = XCBuildConfiguration;
			buildSettings = {
				ALWAYS_SEARCH_USER_PATHS = NO;
				CLANG_ANALYZER_NONNULL = YES;
				CLANG_CXX_LANGUAGE_STANDARD = "gnu++0x";
				CLANG_CXX_LIBRARY = "libc++";
				CLANG_ENABLE_MODULES = YES;
				CLANG_ENABLE_OBJC_ARC = YES;
				CLANG_WARN_BOOL_CONVERSION = YES;
				CLANG_WARN_CONSTANT_CONVERSION = YES;
				CLANG_WARN_DIRECT_OBJC_ISA_USAGE = YES_ERROR;
				CLANG_WARN_DOCUMENTATION_COMMENTS = YES;
				CLANG_WARN_EMPTY_BODY = YES;
				CLANG_WARN_ENUM_CONVERSION = YES;
				CLANG_WARN_INFINITE_RECURSION = YES;
				CLANG_WARN_INT_CONVERSION = YES;
				CLANG_WARN_OBJC_ROOT_CLASS = YES_ERROR;
				CLANG_WARN_SUSPICIOUS_MOVES = YES;
				CLANG_WARN_UNREACHABLE_CODE = YES;
				CLANG_WARN__DUPLICATE_METHOD_MATCH = YES;
				CODE_SIGN_IDENTITY = "-";
				COPY_PHASE_STRIP = NO;
				DEBUG_INFORMATION_FORMAT = dwarf;
				ENABLE_STRICT_OBJC_MSGSEND = YES;
				ENABLE_TESTABILITY = YES;
				GCC_C_LANGUAGE_STANDARD = gnu99;
				GCC_DYNAMIC_NO_PIC = NO;
				GCC_NO_COMMON_BLOCKS = YES;
				GCC_OPTIMIZATION_LEVEL = 0;
				GCC_PREPROCESSOR_DEFINITIONS = (
					"DEBUG=1",
					"$(inherited)",
				);
				GCC_WARN_64_TO_32_BIT_CONVERSION = YES;
				GCC_WARN_ABOUT_RETURN_TYPE = YES_ERROR;
				GCC_WARN_UNDECLARED_SELECTOR = YES;
				GCC_WARN_UNINITIALIZED_AUTOS = YES_AGGRESSIVE;
				GCC_WARN_UNUSED_FUNCTION = YES;
				GCC_WARN_UNUSED_VARIABLE = YES;
				MACOSX_DEPLOYMENT_TARGET = 10.12;
				MTL_ENABLE_DEBUG_INFO = YES;
				ONLY_ACTIVE_ARCH = YES;
				SDKROOT = macosx;
			};
			name = Debug;
		};
		7B15D5181E6ECB0C008A59F7 /* Release */ = {
			isa = XCBuildConfiguration;
			buildSettings = {
				ALWAYS_SEARCH_USER_PATHS = NO;
				CLANG_ANALYZER_NONNULL = YES;
				CLANG_CXX_LANGUAGE_STANDARD = "gnu++0x";
				CLANG_CXX_LIBRARY = "libc++";
				CLANG_ENABLE_MODULES = YES;
				CLANG_ENABLE_OBJC_ARC = YES;
				CLANG_WARN_BOOL_CONVERSION = YES;
				CLANG_WARN_CONSTANT_CONVERSION = YES;
				CLANG_WARN_DIRECT_OBJC_ISA_USAGE = YES_ERROR;
				CLANG_WARN_DOCUMENTATION_COMMENTS = YES;
				CLANG_WARN_EMPTY_BODY = YES;
				CLANG_WARN_ENUM_CONVERSION = YES;
				CLANG_WARN_INFINITE_RECURSION = YES;
				CLANG_WARN_INT_CONVERSION = YES;
				CLANG_WARN_OBJC_ROOT_CLASS = YES_ERROR;
				CLANG_WARN_SUSPICIOUS_MOVES = YES;
				CLANG_WARN_UNREACHABLE_CODE = YES;
				CLANG_WARN__DUPLICATE_METHOD_MATCH = YES;
				CODE_SIGN_IDENTITY = "-";
				COPY_PHASE_STRIP = NO;
				DEBUG_INFORMATION_FORMAT = "dwarf-with-dsym";
				ENABLE_NS_ASSERTIONS = NO;
				ENABLE_STRICT_OBJC_MSGSEND = YES;
				GCC_C_LANGUAGE_STANDARD = gnu99;
				GCC_NO_COMMON_BLOCKS = YES;
				GCC_WARN_64_TO_32_BIT_CONVERSION = YES;
				GCC_WARN_ABOUT_RETURN_TYPE = YES_ERROR;
				GCC_WARN_UNDECLARED_SELECTOR = YES;
				GCC_WARN_UNINITIALIZED_AUTOS = YES_AGGRESSIVE;
				GCC_WARN_UNUSED_FUNCTION = YES;
				GCC_WARN_UNUSED_VARIABLE = YES;
				MACOSX_DEPLOYMENT_TARGET = 10.12;
				MTL_ENABLE_DEBUG_INFO = NO;
				SDKROOT = macosx;
			};
			name = Release;
		};
		7B15D51A1E6ECB0C008A59F7 /* Debug */ = {
			isa = XCBuildConfiguration;
			buildSettings = {
				ASSETCATALOG_COMPILER_APPICON_NAME = AppIcon;
				CODE_SIGN_IDENTITY = "";
				COMBINE_HIDPI_IMAGES = YES;
				INFOPLIST_FILE = ScrollView/Info.plist;
				LD_RUNPATH_SEARCH_PATHS = "$(inherited) @executable_path/../Frameworks";
				PRODUCT_BUNDLE_IDENTIFIER = Amphenol.ScrollView;
				PRODUCT_NAME = "$(TARGET_NAME)";
			};
			name = Debug;
		};
		7B15D51B1E6ECB0C008A59F7 /* Release */ = {
			isa = XCBuildConfiguration;
			buildSettings = {
				ASSETCATALOG_COMPILER_APPICON_NAME = AppIcon;
				CODE_SIGN_IDENTITY = "";
				COMBINE_HIDPI_IMAGES = YES;
				INFOPLIST_FILE = ScrollView/Info.plist;
				LD_RUNPATH_SEARCH_PATHS = "$(inherited) @executable_path/../Frameworks";
				PRODUCT_BUNDLE_IDENTIFIER = Amphenol.ScrollView;
				PRODUCT_NAME = "$(TARGET_NAME)";
			};
			name = Release;
		};
/* End XCBuildConfiguration section */

/* Begin XCConfigurationList section */
		7B15D5031E6ECB0C008A59F7 /* Build configuration list for PBXProject "ScrollView" */ = {
			isa = XCConfigurationList;
			buildConfigurations = (
				7B15D5171E6ECB0C008A59F7 /* Debug */,
				7B15D5181E6ECB0C008A59F7 /* Release */,
			);
			defaultConfigurationIsVisible = 0;
			defaultConfigurationName = Release;
		};
		7B15D5191E6ECB0C008A59F7 /* Build configuration list for PBXNativeTarget "ScrollView" */ = {
			isa = XCConfigurationList;
			buildConfigurations = (
				7B15D51A1E6ECB0C008A59F7 /* Debug */,
				7B15D51B1E6ECB0C008A59F7 /* Release */,
			);
			defaultConfigurationIsVisible = 0;
			defaultConfigurationName = Release;
		};
/* End XCConfigurationList section */
	};
	rootObject = 7B15D5001E6ECB0C008A59F7 /* Project object */;
}
